<?xml version="1.0" encoding="utf-8"?>
<Project ToolsVersion="4.0" xmlns="http://schemas.microsoft.com/developer/msbuild/2003">
  <ItemGroup>
    <Filter Include="Source Files">
      <UniqueIdentifier>{4FC737F1-C7A5-4376-A066-2A32D752A2FF}</UniqueIdentifier>
      <Extensions>cpp;c;cc;cxx;def;odl;idl;hpj;bat;asm;asmx</Extensions>
    </Filter>
    <Filter Include="Header Files">
      <UniqueIdentifier>{93995380-89BD-4b04-88EB-625FBE52EBFB}</UniqueIdentifier>
      <Extensions>h;hh;hpp;hxx;hm;inl;inc;xsd</Extensions>
    </Filter>
    <Filter Include="Resource Files">
      <UniqueIdentifier>{67DA6AB6-F800-4c08-8B7A-83BB121AAD01}</UniqueIdentifier>
      <Extensions>rc;ico;cur;bmp;dlg;rc2;rct;bin;rgs;gif;jpg;jpeg;jpe;resx;tiff;tif;png;wav;mfcribbon-ms</Extensions>
    </Filter>
    <Filter Include="Header Files\port_audio">
      <UniqueIdentifier>{768ee7ec-f23d-4e91-9812-6519a9c36b08}</UniqueIdentifier>
    </Filter>
    <Filter Include="Header Files\musicasm">
      <UniqueIdentifier>{5e3ca47b-c849-47a8-a374-fb46b0770b79}</UniqueIdentifier>
    </Filter>
    <Filter Include="Header Files\misc">
      <UniqueIdentifier>{349d063c-e101-4fc2-b71f-4352f625f3c4}</UniqueIdentifier>
    </Filter>
  </ItemGroup>
  <ItemGroup>
    <ClInclude Include="host_api.hpp">
      <Filter>Header Files\port_audio</Filter>
    </ClInclude>
    <ClInclude Include="device_info.hpp">
      <Filter>Header Files\port_audio</Filter>
    </ClInclude>
    <ClInclude Include="stream.hpp">
      <Filter>Header Files\port_audio</Filter>
    </ClInclude>
    <ClInclude Include="port_audio.hpp">
      <Filter>Header Files\port_audio</Filter>
    </ClInclude>
    <ClInclude Include="equal_temperament.hpp">
      <Filter>Header Files\musicasm</Filter>
    </ClInclude>
    <ClInclude Include="scale.hpp">
      <Filter>Header Files\musicasm</Filter>
    </ClInclude>
    <ClInclude Include="temperament.hpp">
      <Filter>Header Files\musicasm</Filter>
    </ClInclude>
    <ClInclude Include="wave.hpp">
      <Filter>Header Files\musicasm</Filter>
    </ClInclude>
    <ClInclude Include="base_note.hpp">
      <Filter>Header Files\musicasm</Filter>
    </ClInclude>
    <ClInclude Include="voice.hpp">
      <Filter>Header Files\musicasm</Filter>
    </ClInclude>
    <ClInclude Include="adsr.hpp">
      <Filter>Header Files\musicasm</Filter>
    </ClInclude>
    <ClInclude Include="console_wait.hpp">
      <Filter>Header Files\misc</Filter>
    </ClInclude>
    <ClInclude Include="frequency.hpp">
      <Filter>Header Files\musicasm</Filter>
    </ClInclude>
    <ClInclude Include="tone_player.hpp">
      <Filter>Header Files\port_audio</Filter>
    </ClInclude>
    <ClInclude Include="amplitude.hpp">
      <Filter>Header Files\musicasm</Filter>
    </ClInclude>
  </ItemGroup>
  <ItemGroup>
    <ClCompile Include="musicasm.cpp">
      <Filter>Source Files</Filter>
    </ClCompile>
  </ItemGroup>
</Project>